// !$*UTF8*$!
{
	archiveVersion = 1;
	classes = {
	};
	objectVersion = 56;
	objects = {

/* Begin PBXBuildFile section */
		1D0EA95129392B4100E95233 /* Hierarchy.swift in Sources */ = {isa = PBXBuildFile; fileRef = 1D0EA95029392B4100E95233 /* Hierarchy.swift */; };
		1D5A1D902937DC1B005E1765 /* View.swift in Sources */ = {isa = PBXBuildFile; fileRef = 1D5A1D8F2937DC1B005E1765 /* View.swift */; };
		1D5A1D922937DC28005E1765 /* Interactor.swift in Sources */ = {isa = PBXBuildFile; fileRef = 1D5A1D912937DC28005E1765 /* Interactor.swift */; };
		1D5A1D942937DC34005E1765 /* Presenter.swift in Sources */ = {isa = PBXBuildFile; fileRef = 1D5A1D932937DC34005E1765 /* Presenter.swift */; };
		1D5A1D962937DC42005E1765 /* Entity.swift in Sources */ = {isa = PBXBuildFile; fileRef = 1D5A1D952937DC42005E1765 /* Entity.swift */; };
		1D5A1D982937DC4E005E1765 /* Router.swift in Sources */ = {isa = PBXBuildFile; fileRef = 1D5A1D972937DC4E005E1765 /* Router.swift */; };
		1DC339AB29377483007D18BA /* AppDelegate.swift in Sources */ = {isa = PBXBuildFile; fileRef = 1DC339AA29377483007D18BA /* AppDelegate.swift */; };
		1DC339AD29377483007D18BA /* SceneDelegate.swift in Sources */ = {isa = PBXBuildFile; fileRef = 1DC339AC29377483007D18BA /* SceneDelegate.swift */; };
		1DC339AF29377483007D18BA /* FirebaseViewController.swift in Sources */ = {isa = PBXBuildFile; fileRef = 1DC339AE29377483007D18BA /* FirebaseViewController.swift */; };
		1DC339B429377485007D18BA /* Assets.xcassets in Resources */ = {isa = PBXBuildFile; fileRef = 1DC339B329377485007D18BA /* Assets.xcassets */; };
		1DC339B729377485007D18BA /* LaunchScreen.storyboard in Resources */ = {isa = PBXBuildFile; fileRef = 1DC339B529377485007D18BA /* LaunchScreen.storyboard */; };
		1DC339C229377486007D18BA /* firebaseTests.swift in Sources */ = {isa = PBXBuildFile; fileRef = 1DC339C129377486007D18BA /* firebaseTests.swift */; };
		1DC339CC29377486007D18BA /* firebaseUITests.swift in Sources */ = {isa = PBXBuildFile; fileRef = 1DC339CB29377486007D18BA /* firebaseUITests.swift */; };
		1DC339CE29377486007D18BA /* firebaseUITestsLaunchTests.swift in Sources */ = {isa = PBXBuildFile; fileRef = 1DC339CD29377486007D18BA /* firebaseUITestsLaunchTests.swift */; };
		1DC339DF29377935007D18BA /* GoogleService-Info.plist in Resources */ = {isa = PBXBuildFile; fileRef = 1DC339DE29377935007D18BA /* GoogleService-Info.plist */; };
		1DC339E229377A5F007D18BA /* FirebaseAuth in Frameworks */ = {isa = PBXBuildFile; productRef = 1DC339E129377A5F007D18BA /* FirebaseAuth */; };
		1DC339E429377D7A007D18BA /* Create.swift in Sources */ = {isa = PBXBuildFile; fileRef = 1DC339E329377D7A007D18BA /* Create.swift */; };
		1DC339E629377DA9007D18BA /* Constraints.swift in Sources */ = {isa = PBXBuildFile; fileRef = 1DC339E529377DA9007D18BA /* Constraints.swift */; };
		1DC339EE2937881E007D18BA /* FirebaseViewModel.swift in Sources */ = {isa = PBXBuildFile; fileRef = 1DC339ED2937881E007D18BA /* FirebaseViewModel.swift */; };
/* End PBXBuildFile section */

/* Begin PBXContainerItemProxy section */
		1DC339BE29377486007D18BA /* PBXContainerItemProxy */ = {
			isa = PBXContainerItemProxy;
			containerPortal = 1DC3399F29377483007D18BA /* Project object */;
			proxyType = 1;
			remoteGlobalIDString = 1DC339A629377483007D18BA;
			remoteInfo = firebase;
		};
		1DC339C829377486007D18BA /* PBXContainerItemProxy */ = {
			isa = PBXContainerItemProxy;
			containerPortal = 1DC3399F29377483007D18BA /* Project object */;
			proxyType = 1;
			remoteGlobalIDString = 1DC339A629377483007D18BA;
			remoteInfo = firebase;
		};
/* End PBXContainerItemProxy section */

/* Begin PBXFileReference section */
		1D0EA95029392B4100E95233 /* Hierarchy.swift */ = {isa = PBXFileReference; lastKnownFileType = sourcecode.swift; path = Hierarchy.swift; sourceTree = "<group>"; };
		1D5A1D8F2937DC1B005E1765 /* View.swift */ = {isa = PBXFileReference; lastKnownFileType = sourcecode.swift; path = View.swift; sourceTree = "<group>"; };
		1D5A1D912937DC28005E1765 /* Interactor.swift */ = {isa = PBXFileReference; lastKnownFileType = sourcecode.swift; path = Interactor.swift; sourceTree = "<group>"; };
		1D5A1D932937DC34005E1765 /* Presenter.swift */ = {isa = PBXFileReference; lastKnownFileType = sourcecode.swift; path = Presenter.swift; sourceTree = "<group>"; };
		1D5A1D952937DC42005E1765 /* Entity.swift */ = {isa = PBXFileReference; lastKnownFileType = sourcecode.swift; path = Entity.swift; sourceTree = "<group>"; };
		1D5A1D972937DC4E005E1765 /* Router.swift */ = {isa = PBXFileReference; lastKnownFileType = sourcecode.swift; path = Router.swift; sourceTree = "<group>"; };
		1DC339A729377483007D18BA /* firebase.app */ = {isa = PBXFileReference; explicitFileType = wrapper.application; includeInIndex = 0; path = firebase.app; sourceTree = BUILT_PRODUCTS_DIR; };
		1DC339AA29377483007D18BA /* AppDelegate.swift */ = {isa = PBXFileReference; lastKnownFileType = sourcecode.swift; path = AppDelegate.swift; sourceTree = "<group>"; };
		1DC339AC29377483007D18BA /* SceneDelegate.swift */ = {isa = PBXFileReference; lastKnownFileType = sourcecode.swift; path = SceneDelegate.swift; sourceTree = "<group>"; };
		1DC339AE29377483007D18BA /* FirebaseViewController.swift */ = {isa = PBXFileReference; lastKnownFileType = sourcecode.swift; path = FirebaseViewController.swift; sourceTree = "<group>"; };
		1DC339B329377485007D18BA /* Assets.xcassets */ = {isa = PBXFileReference; lastKnownFileType = folder.assetcatalog; path = Assets.xcassets; sourceTree = "<group>"; };
		1DC339B629377485007D18BA /* Base */ = {isa = PBXFileReference; lastKnownFileType = file.storyboard; name = Base; path = Base.lproj/LaunchScreen.storyboard; sourceTree = "<group>"; };
		1DC339B829377485007D18BA /* Info.plist */ = {isa = PBXFileReference; lastKnownFileType = text.plist.xml; path = Info.plist; sourceTree = "<group>"; };
		1DC339BD29377486007D18BA /* firebaseTests.xctest */ = {isa = PBXFileReference; explicitFileType = wrapper.cfbundle; includeInIndex = 0; path = firebaseTests.xctest; sourceTree = BUILT_PRODUCTS_DIR; };
		1DC339C129377486007D18BA /* firebaseTests.swift */ = {isa = PBXFileReference; lastKnownFileType = sourcecode.swift; path = firebaseTests.swift; sourceTree = "<group>"; };
		1DC339C729377486007D18BA /* firebaseUITests.xctest */ = {isa = PBXFileReference; explicitFileType = wrapper.cfbundle; includeInIndex = 0; path = firebaseUITests.xctest; sourceTree = BUILT_PRODUCTS_DIR; };
		1DC339CB29377486007D18BA /* firebaseUITests.swift */ = {isa = PBXFileReference; lastKnownFileType = sourcecode.swift; path = firebaseUITests.swift; sourceTree = "<group>"; };
		1DC339CD29377486007D18BA /* firebaseUITestsLaunchTests.swift */ = {isa = PBXFileReference; lastKnownFileType = sourcecode.swift; path = firebaseUITestsLaunchTests.swift; sourceTree = "<group>"; };
		1DC339DE29377935007D18BA /* GoogleService-Info.plist */ = {isa = PBXFileReference; fileEncoding = 4; lastKnownFileType = text.plist.xml; path = "GoogleService-Info.plist"; sourceTree = "<group>"; };
		1DC339E329377D7A007D18BA /* Create.swift */ = {isa = PBXFileReference; lastKnownFileType = sourcecode.swift; path = Create.swift; sourceTree = "<group>"; };
		1DC339E529377DA9007D18BA /* Constraints.swift */ = {isa = PBXFileReference; lastKnownFileType = sourcecode.swift; path = Constraints.swift; sourceTree = "<group>"; };
		1DC339ED2937881E007D18BA /* FirebaseViewModel.swift */ = {isa = PBXFileReference; lastKnownFileType = sourcecode.swift; path = FirebaseViewModel.swift; sourceTree = "<group>"; };
/* End PBXFileReference section */

/* Begin PBXFrameworksBuildPhase section */
		1DC339A429377483007D18BA /* Frameworks */ = {
			isa = PBXFrameworksBuildPhase;
			buildActionMask = 2147483647;
			files = (
				1DC339E229377A5F007D18BA /* FirebaseAuth in Frameworks */,
			);
			runOnlyForDeploymentPostprocessing = 0;
		};
		1DC339BA29377486007D18BA /* Frameworks */ = {
			isa = PBXFrameworksBuildPhase;
			buildActionMask = 2147483647;
			files = (
			);
			runOnlyForDeploymentPostprocessing = 0;
		};
		1DC339C429377486007D18BA /* Frameworks */ = {
			isa = PBXFrameworksBuildPhase;
			buildActionMask = 2147483647;
			files = (
			);
			runOnlyForDeploymentPostprocessing = 0;
		};
/* End PBXFrameworksBuildPhase section */

/* Begin PBXGroup section */
		1D5A1D8E2937DBF1005E1765 /* Viper */ = {
			isa = PBXGroup;
			children = (
				1D5A1D8F2937DC1B005E1765 /* View.swift */,
				1D5A1D912937DC28005E1765 /* Interactor.swift */,
				1D5A1D932937DC34005E1765 /* Presenter.swift */,
				1D5A1D952937DC42005E1765 /* Entity.swift */,
				1D5A1D972937DC4E005E1765 /* Router.swift */,
			);
			path = Viper;
			sourceTree = "<group>";
		};
		1DC3399E29377483007D18BA = {
			isa = PBXGroup;
			children = (
				1DC339A929377483007D18BA /* firebase */,
				1DC339C029377486007D18BA /* firebaseTests */,
				1DC339CA29377486007D18BA /* firebaseUITests */,
				1DC339A829377483007D18BA /* Products */,
			);
			sourceTree = "<group>";
		};
		1DC339A829377483007D18BA /* Products */ = {
			isa = PBXGroup;
			children = (
				1DC339A729377483007D18BA /* firebase.app */,
				1DC339BD29377486007D18BA /* firebaseTests.xctest */,
				1DC339C729377486007D18BA /* firebaseUITests.xctest */,
			);
			name = Products;
			sourceTree = "<group>";
		};
		1DC339A929377483007D18BA /* firebase */ = {
			isa = PBXGroup;
			children = (
				1DC339E729377DAC007D18BA /* AppFront */,
				1DC339E929377DB8007D18BA /* AppDelegate */,
				1DC339E829377DB3007D18BA /* AppUtils */,
				1DC339B329377485007D18BA /* Assets.xcassets */,
				1DC339B529377485007D18BA /* LaunchScreen.storyboard */,
				1DC339DE29377935007D18BA /* GoogleService-Info.plist */,
				1DC339B829377485007D18BA /* Info.plist */,
			);
			path = firebase;
			sourceTree = "<group>";
		};
		1DC339C029377486007D18BA /* firebaseTests */ = {
			isa = PBXGroup;
			children = (
				1DC339C129377486007D18BA /* firebaseTests.swift */,
			);
			path = firebaseTests;
			sourceTree = "<group>";
		};
		1DC339CA29377486007D18BA /* firebaseUITests */ = {
			isa = PBXGroup;
			children = (
				1DC339CB29377486007D18BA /* firebaseUITests.swift */,
				1DC339CD29377486007D18BA /* firebaseUITestsLaunchTests.swift */,
			);
			path = firebaseUITests;
			sourceTree = "<group>";
		};
		1DC339E729377DAC007D18BA /* AppFront */ = {
			isa = PBXGroup;
			children = (
				1D5A1D8E2937DBF1005E1765 /* Viper */,
				1DC339AE29377483007D18BA /* FirebaseViewController.swift */,
				1DC339ED2937881E007D18BA /* FirebaseViewModel.swift */,
			);
			path = AppFront;
			sourceTree = "<group>";
		};
		1DC339E829377DB3007D18BA /* AppUtils */ = {
			isa = PBXGroup;
			children = (
				1DC339EC29377DE0007D18BA /* Objects */,
				1DC339EA29377DCF007D18BA /* Extensions */,
			);
			path = AppUtils;
			sourceTree = "<group>";
		};
		1DC339E929377DB8007D18BA /* AppDelegate */ = {
			isa = PBXGroup;
			children = (
				1DC339AA29377483007D18BA /* AppDelegate.swift */,
				1DC339AC29377483007D18BA /* SceneDelegate.swift */,
			);
			path = AppDelegate;
			sourceTree = "<group>";
		};
		1DC339EA29377DCF007D18BA /* Extensions */ = {
			isa = PBXGroup;
			children = (
				1DC339EB29377DD8007D18BA /* UIView */,
			);
			path = Extensions;
			sourceTree = "<group>";
		};
		1DC339EB29377DD8007D18BA /* UIView */ = {
			isa = PBXGroup;
			children = (
				1DC339E529377DA9007D18BA /* Constraints.swift */,
				1D0EA95029392B4100E95233 /* Hierarchy.swift */,
			);
			path = UIView;
			sourceTree = "<group>";
		};
		1DC339EC29377DE0007D18BA /* Objects */ = {
			isa = PBXGroup;
			children = (
				1DC339E329377D7A007D18BA /* Create.swift */,
			);
			path = Objects;
			sourceTree = "<group>";
		};
/* End PBXGroup section */

/* Begin PBXNativeTarget section */
		1DC339A629377483007D18BA /* firebase */ = {
			isa = PBXNativeTarget;
			buildConfigurationList = 1DC339D129377486007D18BA /* Build configuration list for PBXNativeTarget "firebase" */;
			buildPhases = (
				1DC339A329377483007D18BA /* Sources */,
				1DC339A429377483007D18BA /* Frameworks */,
				1DC339A529377483007D18BA /* Resources */,
			);
			buildRules = (
			);
			dependencies = (
			);
			name = firebase;
			packageProductDependencies = (
				1DC339E129377A5F007D18BA /* FirebaseAuth */,
			);
			productName = firebase;
			productReference = 1DC339A729377483007D18BA /* firebase.app */;
			productType = "com.apple.product-type.application";
		};
		1DC339BC29377486007D18BA /* firebaseTests */ = {
			isa = PBXNativeTarget;
			buildConfigurationList = 1DC339D429377486007D18BA /* Build configuration list for PBXNativeTarget "firebaseTests" */;
			buildPhases = (
				1DC339B929377486007D18BA /* Sources */,
				1DC339BA29377486007D18BA /* Frameworks */,
				1DC339BB29377486007D18BA /* Resources */,
			);
			buildRules = (
			);
			dependencies = (
				1DC339BF29377486007D18BA /* PBXTargetDependency */,
			);
			name = firebaseTests;
			productName = firebaseTests;
			productReference = 1DC339BD29377486007D18BA /* firebaseTests.xctest */;
			productType = "com.apple.product-type.bundle.unit-test";
		};
		1DC339C629377486007D18BA /* firebaseUITests */ = {
			isa = PBXNativeTarget;
			buildConfigurationList = 1DC339D729377486007D18BA /* Build configuration list for PBXNativeTarget "firebaseUITests" */;
			buildPhases = (
				1DC339C329377486007D18BA /* Sources */,
				1DC339C429377486007D18BA /* Frameworks */,
				1DC339C529377486007D18BA /* Resources */,
			);
			buildRules = (
			);
			dependencies = (
				1DC339C929377486007D18BA /* PBXTargetDependency */,
			);
			name = firebaseUITests;
			productName = firebaseUITests;
			productReference = 1DC339C729377486007D18BA /* firebaseUITests.xctest */;
			productType = "com.apple.product-type.bundle.ui-testing";
		};
/* End PBXNativeTarget section */

/* Begin PBXProject section */
		1DC3399F29377483007D18BA /* Project object */ = {
			isa = PBXProject;
			attributes = {
				BuildIndependentTargetsInParallel = 1;
				LastSwiftUpdateCheck = 1410;
				LastUpgradeCheck = 1410;
				TargetAttributes = {
					1DC339A629377483007D18BA = {
						CreatedOnToolsVersion = 14.1;
					};
					1DC339BC29377486007D18BA = {
						CreatedOnToolsVersion = 14.1;
						TestTargetID = 1DC339A629377483007D18BA;
					};
					1DC339C629377486007D18BA = {
						CreatedOnToolsVersion = 14.1;
						TestTargetID = 1DC339A629377483007D18BA;
					};
				};
			};
			buildConfigurationList = 1DC339A229377483007D18BA /* Build configuration list for PBXProject "firebase" */;
			compatibilityVersion = "Xcode 14.0";
			developmentRegion = en;
			hasScannedForEncodings = 0;
			knownRegions = (
				en,
				Base,
			);
			mainGroup = 1DC3399E29377483007D18BA;
			packageReferences = (
				1DC339E029377A5F007D18BA /* XCRemoteSwiftPackageReference "firebase-ios-sdk" */,
			);
			productRefGroup = 1DC339A829377483007D18BA /* Products */;
			projectDirPath = "";
			projectRoot = "";
			targets = (
				1DC339A629377483007D18BA /* firebase */,
				1DC339BC29377486007D18BA /* firebaseTests */,
				1DC339C629377486007D18BA /* firebaseUITests */,
			);
		};
/* End PBXProject section */

/* Begin PBXResourcesBuildPhase section */
		1DC339A529377483007D18BA /* Resources */ = {
			isa = PBXResourcesBuildPhase;
			buildActionMask = 2147483647;
			files = (
				1DC339B729377485007D18BA /* LaunchScreen.storyboard in Resources */,
				1DC339DF29377935007D18BA /* GoogleService-Info.plist in Resources */,
				1DC339B429377485007D18BA /* Assets.xcassets in Resources */,
			);
			runOnlyForDeploymentPostprocessing = 0;
		};
		1DC339BB29377486007D18BA /* Resources */ = {
			isa = PBXResourcesBuildPhase;
			buildActionMask = 2147483647;
			files = (
			);
			runOnlyForDeploymentPostprocessing = 0;
		};
		1DC339C529377486007D18BA /* Resources */ = {
			isa = PBXResourcesBuildPhase;
			buildActionMask = 2147483647;
			files = (
			);
			runOnlyForDeploymentPostprocessing = 0;
		};
/* End PBXResourcesBuildPhase section */

/* Begin PBXSourcesBuildPhase section */
		1DC339A329377483007D18BA /* Sources */ = {
			isa = PBXSourcesBuildPhase;
			buildActionMask = 2147483647;
			files = (
				1D5A1D982937DC4E005E1765 /* Router.swift in Sources */,
				1D5A1D942937DC34005E1765 /* Presenter.swift in Sources */,
				1DC339AF29377483007D18BA /* FirebaseViewController.swift in Sources */,
				1DC339AB29377483007D18BA /* AppDelegate.swift in Sources */,
				1DC339E629377DA9007D18BA /* Constraints.swift in Sources */,
				1DC339AD29377483007D18BA /* SceneDelegate.swift in Sources */,
				1DC339EE2937881E007D18BA /* FirebaseViewModel.swift in Sources */,
				1D5A1D962937DC42005E1765 /* Entity.swift in Sources */,
				1D5A1D902937DC1B005E1765 /* View.swift in Sources */,
				1D0EA95129392B4100E95233 /* Hierarchy.swift in Sources */,
				1D5A1D922937DC28005E1765 /* Interactor.swift in Sources */,
				1DC339E429377D7A007D18BA /* Create.swift in Sources */,
			);
			runOnlyForDeploymentPostprocessing = 0;
		};
		1DC339B929377486007D18BA /* Sources */ = {
			isa = PBXSourcesBuildPhase;
			buildActionMask = 2147483647;
			files = (
				1DC339C229377486007D18BA /* firebaseTests.swift in Sources */,
			);
			runOnlyForDeploymentPostprocessing = 0;
		};
		1DC339C329377486007D18BA /* Sources */ = {
			isa = PBXSourcesBuildPhase;
			buildActionMask = 2147483647;
			files = (
				1DC339CE29377486007D18BA /* firebaseUITestsLaunchTests.swift in Sources */,
				1DC339CC29377486007D18BA /* firebaseUITests.swift in Sources */,
			);
			runOnlyForDeploymentPostprocessing = 0;
		};
/* End PBXSourcesBuildPhase section */

/* Begin PBXTargetDependency section */
		1DC339BF29377486007D18BA /* PBXTargetDependency */ = {
			isa = PBXTargetDependency;
			target = 1DC339A629377483007D18BA /* firebase */;
			targetProxy = 1DC339BE29377486007D18BA /* PBXContainerItemProxy */;
		};
		1DC339C929377486007D18BA /* PBXTargetDependency */ = {
			isa = PBXTargetDependency;
			target = 1DC339A629377483007D18BA /* firebase */;
			targetProxy = 1DC339C829377486007D18BA /* PBXContainerItemProxy */;
		};
/* End PBXTargetDependency section */

/* Begin PBXVariantGroup section */
		1DC339B529377485007D18BA /* LaunchScreen.storyboard */ = {
			isa = PBXVariantGroup;
			children = (
				1DC339B629377485007D18BA /* Base */,
			);
			name = LaunchScreen.storyboard;
			sourceTree = "<group>";
		};
/* End PBXVariantGroup section */

/* Begin XCBuildConfiguration section */
		1DC339CF29377486007D18BA /* Debug */ = {
			isa = XCBuildConfiguration;
			buildSettings = {
				ALWAYS_SEARCH_USER_PATHS = NO;
				CLANG_ANALYZER_NONNULL = YES;
				CLANG_ANALYZER_NUMBER_OBJECT_CONVERSION = YES_AGGRESSIVE;
				CLANG_CXX_LANGUAGE_STANDARD = "gnu++20";
				CLANG_ENABLE_MODULES = YES;
				CLANG_ENABLE_OBJC_ARC = YES;
				CLANG_ENABLE_OBJC_WEAK = YES;
				CLANG_WARN_BLOCK_CAPTURE_AUTORELEASING = YES;
				CLANG_WARN_BOOL_CONVERSION = YES;
				CLANG_WARN_COMMA = YES;
				CLANG_WARN_CONSTANT_CONVERSION = YES;
				CLANG_WARN_DEPRECATED_OBJC_IMPLEMENTATIONS = YES;
				CLANG_WARN_DIRECT_OBJC_ISA_USAGE = YES_ERROR;
				CLANG_WARN_DOCUMENTATION_COMMENTS = YES;
				CLANG_WARN_EMPTY_BODY = YES;
				CLANG_WARN_ENUM_CONVERSION = YES;
				CLANG_WARN_INFINITE_RECURSION = YES;
				CLANG_WARN_INT_CONVERSION = YES;
				CLANG_WARN_NON_LITERAL_NULL_CONVERSION = YES;
				CLANG_WARN_OBJC_IMPLICIT_RETAIN_SELF = YES;
				CLANG_WARN_OBJC_LITERAL_CONVERSION = YES;
				CLANG_WARN_OBJC_ROOT_CLASS = YES_ERROR;
				CLANG_WARN_QUOTED_INCLUDE_IN_FRAMEWORK_HEADER = YES;
				CLANG_WARN_RANGE_LOOP_ANALYSIS = YES;
				CLANG_WARN_STRICT_PROTOTYPES = YES;
				CLANG_WARN_SUSPICIOUS_MOVE = YES;
				CLANG_WARN_UNGUARDED_AVAILABILITY = YES_AGGRESSIVE;
				CLANG_WARN_UNREACHABLE_CODE = YES;
				CLANG_WARN__DUPLICATE_METHOD_MATCH = YES;
				COPY_PHASE_STRIP = NO;
				DEBUG_INFORMATION_FORMAT = dwarf;
				ENABLE_STRICT_OBJC_MSGSEND = YES;
				ENABLE_TESTABILITY = YES;
				GCC_C_LANGUAGE_STANDARD = gnu11;
				GCC_DYNAMIC_NO_PIC = NO;
				GCC_NO_COMMON_BLOCKS = YES;
				GCC_OPTIMIZATION_LEVEL = 0;
				GCC_PREPROCESSOR_DEFINITIONS = (
					"DEBUG=1",
					"$(inherited)",
				);
				GCC_WARN_64_TO_32_BIT_CONVERSION = YES;
				GCC_WARN_ABOUT_RETURN_TYPE = YES_ERROR;
				GCC_WARN_UNDECLARED_SELECTOR = YES;
				GCC_WARN_UNINITIALIZED_AUTOS = YES_AGGRESSIVE;
				GCC_WARN_UNUSED_FUNCTION = YES;
				GCC_WARN_UNUSED_VARIABLE = YES;
				IPHONEOS_DEPLOYMENT_TARGET = 16.1;
				MTL_ENABLE_DEBUG_INFO = INCLUDE_SOURCE;
				MTL_FAST_MATH = YES;
				ONLY_ACTIVE_ARCH = YES;
				SDKROOT = iphoneos;
				SWIFT_ACTIVE_COMPILATION_CONDITIONS = DEBUG;
				SWIFT_OPTIMIZATION_LEVEL = "-Onone";
			};
			name = Debug;
		};
		1DC339D029377486007D18BA /* Release */ = {
			isa = XCBuildConfiguration;
			buildSettings = {
				ALWAYS_SEARCH_USER_PATHS = NO;
				CLANG_ANALYZER_NONNULL = YES;
				CLANG_ANALYZER_NUMBER_OBJECT_CONVERSION = YES_AGGRESSIVE;
				CLANG_CXX_LANGUAGE_STANDARD = "gnu++20";
				CLANG_ENABLE_MODULES = YES;
				CLANG_ENABLE_OBJC_ARC = YES;
				CLANG_ENABLE_OBJC_WEAK = YES;
				CLANG_WARN_BLOCK_CAPTURE_AUTORELEASING = YES;
				CLANG_WARN_BOOL_CONVERSION = YES;
				CLANG_WARN_COMMA = YES;
				CLANG_WARN_CONSTANT_CONVERSION = YES;
				CLANG_WARN_DEPRECATED_OBJC_IMPLEMENTATIONS = YES;
				CLANG_WARN_DIRECT_OBJC_ISA_USAGE = YES_ERROR;
				CLANG_WARN_DOCUMENTATION_COMMENTS = YES;
				CLANG_WARN_EMPTY_BODY = YES;
				CLANG_WARN_ENUM_CONVERSION = YES;
				CLANG_WARN_INFINITE_RECURSION = YES;
				CLANG_WARN_INT_CONVERSION = YES;
				CLANG_WARN_NON_LITERAL_NULL_CONVERSION = YES;
				CLANG_WARN_OBJC_IMPLICIT_RETAIN_SELF = YES;
				CLANG_WARN_OBJC_LITERAL_CONVERSION = YES;
				CLANG_WARN_OBJC_ROOT_CLASS = YES_ERROR;
				CLANG_WARN_QUOTED_INCLUDE_IN_FRAMEWORK_HEADER = YES;
				CLANG_WARN_RANGE_LOOP_ANALYSIS = YES;
				CLANG_WARN_STRICT_PROTOTYPES = YES;
				CLANG_WARN_SUSPICIOUS_MOVE = YES;
				CLANG_WARN_UNGUARDED_AVAILABILITY = YES_AGGRESSIVE;
				CLANG_WARN_UNREACHABLE_CODE = YES;
				CLANG_WARN__DUPLICATE_METHOD_MATCH = YES;
				COPY_PHASE_STRIP = NO;
				DEBUG_INFORMATION_FORMAT = "dwarf-with-dsym";
				ENABLE_NS_ASSERTIONS = NO;
				ENABLE_STRICT_OBJC_MSGSEND = YES;
				GCC_C_LANGUAGE_STANDARD = gnu11;
				GCC_NO_COMMON_BLOCKS = YES;
				GCC_WARN_64_TO_32_BIT_CONVERSION = YES;
				GCC_WARN_ABOUT_RETURN_TYPE = YES_ERROR;
				GCC_WARN_UNDECLARED_SELECTOR = YES;
				GCC_WARN_UNINITIALIZED_AUTOS = YES_AGGRESSIVE;
				GCC_WARN_UNUSED_FUNCTION = YES;
				GCC_WARN_UNUSED_VARIABLE = YES;
				IPHONEOS_DEPLOYMENT_TARGET = 16.1;
				MTL_ENABLE_DEBUG_INFO = NO;
				MTL_FAST_MATH = YES;
				SDKROOT = iphoneos;
				SWIFT_COMPILATION_MODE = wholemodule;
				SWIFT_OPTIMIZATION_LEVEL = "-O";
				VALIDATE_PRODUCT = YES;
			};
			name = Release;
		};
		1DC339D229377486007D18BA /* Debug */ = {
			isa = XCBuildConfiguration;
			buildSettings = {
				ASSETCATALOG_COMPILER_APPICON_NAME = AppIcon;
				ASSETCATALOG_COMPILER_GLOBAL_ACCENT_COLOR_NAME = AccentColor;
				CODE_SIGN_STYLE = Automatic;
				CURRENT_PROJECT_VERSION = 1;
				GENERATE_INFOPLIST_FILE = YES;
				INFOPLIST_FILE = firebase/Info.plist;
				INFOPLIST_KEY_UIApplicationSupportsIndirectInputEvents = YES;
				INFOPLIST_KEY_UILaunchStoryboardName = LaunchScreen;
				INFOPLIST_KEY_UIMainStoryboardFile = "";
				INFOPLIST_KEY_UISupportedInterfaceOrientations_iPad = "UIInterfaceOrientationPortrait UIInterfaceOrientationPortraitUpsideDown UIInterfaceOrientationLandscapeLeft UIInterfaceOrientationLandscapeRight";
				INFOPLIST_KEY_UISupportedInterfaceOrientations_iPhone = "UIInterfaceOrientationPortrait UIInterfaceOrientationLandscapeLeft UIInterfaceOrientationLandscapeRight";
				LD_RUNPATH_SEARCH_PATHS = (
					"$(inherited)",
					"@executable_path/Frameworks",
				);
				MARKETING_VERSION = 1.0;
				PRODUCT_BUNDLE_IDENTIFIER = "-sys.firebase";
				PRODUCT_NAME = "$(TARGET_NAME)";
				SWIFT_EMIT_LOC_STRINGS = YES;
				SWIFT_VERSION = 5.0;
				TARGETED_DEVICE_FAMILY = "1,2";
			};
			name = Debug;
		};
		1DC339D329377486007D18BA /* Release */ = {
			isa = XCBuildConfiguration;
			buildSettings = {
				ASSETCATALOG_COMPILER_APPICON_NAME = AppIcon;
				ASSETCATALOG_COMPILER_GLOBAL_ACCENT_COLOR_NAME = AccentColor;
				CODE_SIGN_STYLE = Automatic;
				CURRENT_PROJECT_VERSION = 1;
				GENERATE_INFOPLIST_FILE = YES;
				INFOPLIST_FILE = firebase/Info.plist;
				INFOPLIST_KEY_UIApplicationSupportsIndirectInputEvents = YES;
				INFOPLIST_KEY_UILaunchStoryboardName = LaunchScreen;
				INFOPLIST_KEY_UIMainStoryboardFile = "";
				INFOPLIST_KEY_UISupportedInterfaceOrientations_iPad = "UIInterfaceOrientationPortrait UIInterfaceOrientationPortraitUpsideDown UIInterfaceOrientationLandscapeLeft UIInterfaceOrientationLandscapeRight";
				INFOPLIST_KEY_UISupportedInterfaceOrientations_iPhone = "UIInterfaceOrientationPortrait UIInterfaceOrientationLandscapeLeft UIInterfaceOrientationLandscapeRight";
				LD_RUNPATH_SEARCH_PATHS = (
					"$(inherited)",
					"@executable_path/Frameworks",
				);
				MARKETING_VERSION = 1.0;
				PRODUCT_BUNDLE_IDENTIFIER = "-sys.firebase";
				PRODUCT_NAME = "$(TARGET_NAME)";
				SWIFT_EMIT_LOC_STRINGS = YES;
				SWIFT_VERSION = 5.0;
				TARGETED_DEVICE_FAMILY = "1,2";
			};
			name = Release;
		};
		1DC339D529377486007D18BA /* Debug */ = {
			isa = XCBuildConfiguration;
			buildSettings = {
				ALWAYS_EMBED_SWIFT_STANDARD_LIBRARIES = YES;
				BUNDLE_LOADER = "$(TEST_HOST)";
				CODE_SIGN_STYLE = Automatic;
				CURRENT_PROJECT_VERSION = 1;
				GENERATE_INFOPLIST_FILE = YES;
				IPHONEOS_DEPLOYMENT_TARGET = 16.1;
				MARKETING_VERSION = 1.0;
				PRODUCT_BUNDLE_IDENTIFIER = "-sys.firebaseTests";
				PRODUCT_NAME = "$(TARGET_NAME)";
				SWIFT_EMIT_LOC_STRINGS = NO;
				SWIFT_VERSION = 5.0;
				TARGETED_DEVICE_FAMILY = "1,2";
				TEST_HOST = "$(BUILT_PRODUCTS_DIR)/firebase.app/$(BUNDLE_EXECUTABLE_FOLDER_PATH)/firebase";
			};
			name = Debug;
		};
		1DC339D629377486007D18BA /* Release */ = {
			isa = XCBuildConfiguration;
			buildSettings = {
				ALWAYS_EMBED_SWIFT_STANDARD_LIBRARIES = YES;
				BUNDLE_LOADER = "$(TEST_HOST)";
				CODE_SIGN_STYLE = Automatic;
				CURRENT_PROJECT_VERSION = 1;
				GENERATE_INFOPLIST_FILE = YES;
				IPHONEOS_DEPLOYMENT_TARGET = 16.1;
				MARKETING_VERSION = 1.0;
				PRODUCT_BUNDLE_IDENTIFIER = "-sys.firebaseTests";
				PRODUCT_NAME = "$(TARGET_NAME)";
				SWIFT_EMIT_LOC_STRINGS = NO;
				SWIFT_VERSION = 5.0;
				TARGETED_DEVICE_FAMILY = "1,2";
				TEST_HOST = "$(BUILT_PRODUCTS_DIR)/firebase.app/$(BUNDLE_EXECUTABLE_FOLDER_PATH)/firebase";
			};
			name = Release;
		};
		1DC339D829377486007D18BA /* Debug */ = {
			isa = XCBuildConfiguration;
			buildSettings = {
				ALWAYS_EMBED_SWIFT_STANDARD_LIBRARIES = YES;
				CODE_SIGN_STYLE = Automatic;
				CURRENT_PROJECT_VERSION = 1;
				GENERATE_INFOPLIST_FILE = YES;
				MARKETING_VERSION = 1.0;
				PRODUCT_BUNDLE_IDENTIFIER = "-sys.firebaseUITests";
				PRODUCT_NAME = "$(TARGET_NAME)";
				SWIFT_EMIT_LOC_STRINGS = NO;
				SWIFT_VERSION = 5.0;
				TARGETED_DEVICE_FAMILY = "1,2";
				TEST_TARGET_NAME = firebase;
			};
			name = Debug;
		};
		1DC339D929377486007D18BA /* Release */ = {
			isa = XCBuildConfiguration;
			buildSettings = {
				ALWAYS_EMBED_SWIFT_STANDARD_LIBRARIES = YES;
				CODE_SIGN_STYLE = Automatic;
				CURRENT_PROJECT_VERSION = 1;
				GENERATE_INFOPLIST_FILE = YES;
				MARKETING_VERSION = 1.0;
				PRODUCT_BUNDLE_IDENTIFIER = "-sys.firebaseUITests";
				PRODUCT_NAME = "$(TARGET_NAME)";
				SWIFT_EMIT_LOC_STRINGS = NO;
				SWIFT_VERSION = 5.0;
				TARGETED_DEVICE_FAMILY = "1,2";
				TEST_TARGET_NAME = firebase;
			};
			name = Release;
		};
/* End XCBuildConfiguration section */

/* Begin XCConfigurationList section */
		1DC339A229377483007D18BA /* Build configuration list for PBXProject "firebase" */ = {
			isa = XCConfigurationList;
			buildConfigurations = (
				1DC339CF29377486007D18BA /* Debug */,
				1DC339D029377486007D18BA /* Release */,
			);
			defaultConfigurationIsVisible = 0;
			defaultConfigurationName = Release;
		};
		1DC339D129377486007D18BA /* Build configuration list for PBXNativeTarget "firebase" */ = {
			isa = XCConfigurationList;
			buildConfigurations = (
				1DC339D229377486007D18BA /* Debug */,
				1DC339D329377486007D18BA /* Release */,
			);
			defaultConfigurationIsVisible = 0;
			defaultConfigurationName = Release;
		};
		1DC339D429377486007D18BA /* Build configuration list for PBXNativeTarget "firebaseTests" */ = {
			isa = XCConfigurationList;
			buildConfigurations = (
				1DC339D529377486007D18BA /* Debug */,
				1DC339D629377486007D18BA /* Release */,
			);
			defaultConfigurationIsVisible = 0;
			defaultConfigurationName = Release;
		};
		1DC339D729377486007D18BA /* Build configuration list for PBXNativeTarget "firebaseUITests" */ = {
			isa = XCConfigurationList;
			buildConfigurations = (
				1DC339D829377486007D18BA /* Debug */,
				1DC339D929377486007D18BA /* Release */,
			);
			defaultConfigurationIsVisible = 0;
			defaultConfigurationName = Release;
		};
/* End XCConfigurationList section */

/* Begin XCRemoteSwiftPackageReference section */
		1DC339E029377A5F007D18BA /* XCRemoteSwiftPackageReference "firebase-ios-sdk" */ = {
			isa = XCRemoteSwiftPackageReference;
			repositoryURL = "https://github.com/firebase/firebase-ios-sdk.git";
			requirement = {
				branch = master;
				kind = branch;
			};
		};
/* End XCRemoteSwiftPackageReference section */

/* Begin XCSwiftPackageProductDependency section */
		1DC339E129377A5F007D18BA /* FirebaseAuth */ = {
			isa = XCSwiftPackageProductDependency;
			package = 1DC339E029377A5F007D18BA /* XCRemoteSwiftPackageReference "firebase-ios-sdk" */;
			productName = FirebaseAuth;
		};
/* End XCSwiftPackageProductDependency section */
	};
	rootObject = 1DC3399F29377483007D18BA /* Project object */;
}
